// !$*UTF8*$!
{
	archiveVersion = 1;
	classes = {
	};
	objectVersion = 56;
	objects = {

/* Begin PBXBuildFile section */
		5D08FD232C579022004806EE /* FavoriteViewPresenter.swift in Sources */ = {isa = PBXBuildFile; fileRef = 5D08FD222C579022004806EE /* FavoriteViewPresenter.swift */; };
		5D08FD252C579E37004806EE /* FavoriteCell.swift in Sources */ = {isa = PBXBuildFile; fileRef = 5D08FD242C579E37004806EE /* FavoriteCell.swift */; };
		5D2ADD712C5CC5F700FFB20A /* DetailsView.swift in Sources */ = {isa = PBXBuildFile; fileRef = 5D2ADD702C5CC5F700FFB20A /* DetailsView.swift */; };
		5D2ADD732C5CC62E00FFB20A /* DetailsViewPresenter.swift in Sources */ = {isa = PBXBuildFile; fileRef = 5D2ADD722C5CC62E00FFB20A /* DetailsViewPresenter.swift */; };
		5D2DE67C2C4E3C7B00772FC9 /* DataExt.swift in Sources */ = {isa = PBXBuildFile; fileRef = 5D2DE67B2C4E3C7B00772FC9 /* DataExt.swift */; };
		5D2DE6802C4E3CF800772FC9 /* CameraView.swift in Sources */ = {isa = PBXBuildFile; fileRef = 5D2DE67F2C4E3CF800772FC9 /* CameraView.swift */; };
		5D2DE6842C4E3DF000772FC9 /* FavoriteView.swift in Sources */ = {isa = PBXBuildFile; fileRef = 5D2DE6832C4E3DF000772FC9 /* FavoriteView.swift */; };
		5D2DE68B2C4E3E9200772FC9 /* PostItem.swift in Sources */ = {isa = PBXBuildFile; fileRef = 5D2DE68A2C4E3E9200772FC9 /* PostItem.swift */; };
		5D2DE68D2C4E3EA600772FC9 /* MainScreenPresenter.swift in Sources */ = {isa = PBXBuildFile; fileRef = 5D2DE68C2C4E3EA600772FC9 /* MainScreenPresenter.swift */; };
		5D2DE68F2C4E3EB600772FC9 /* MainScreenView.swift in Sources */ = {isa = PBXBuildFile; fileRef = 5D2DE68E2C4E3EB600772FC9 /* MainScreenView.swift */; };
		5D2DE6912C4E3EC300772FC9 /* MainPostCell.swift in Sources */ = {isa = PBXBuildFile; fileRef = 5D2DE6902C4E3EC300772FC9 /* MainPostCell.swift */; };
		5D2DE6932C4E3ED500772FC9 /* MainPostHeader.swift in Sources */ = {isa = PBXBuildFile; fileRef = 5D2DE6922C4E3ED500772FC9 /* MainPostHeader.swift */; };
		5D2DE69A2C4E3F3700772FC9 /* TabBarView.swift in Sources */ = {isa = PBXBuildFile; fileRef = 5D2DE6992C4E3F3700772FC9 /* TabBarView.swift */; };
		5D2DE69C2C4E3F4900772FC9 /* TabBarViewPresenter.swift in Sources */ = {isa = PBXBuildFile; fileRef = 5D2DE69B2C4E3F4900772FC9 /* TabBarViewPresenter.swift */; };
		5D2DE69F2C4E419100772FC9 /* KeychainAccess in Frameworks */ = {isa = PBXBuildFile; productRef = 5D2DE69E2C4E419100772FC9 /* KeychainAccess */; };
		5D2DE6A12C4E8DA600772FC9 /* UIAplicationExt.swift in Sources */ = {isa = PBXBuildFile; fileRef = 5D2DE6A02C4E8DA600772FC9 /* UIAplicationExt.swift */; };
		5D6204462C2A98DE00FD5F6F /* AppDelegate.swift in Sources */ = {isa = PBXBuildFile; fileRef = 5D6204452C2A98DE00FD5F6F /* AppDelegate.swift */; };
		5D6204482C2A98DE00FD5F6F /* SceneDelegate.swift in Sources */ = {isa = PBXBuildFile; fileRef = 5D6204472C2A98DE00FD5F6F /* SceneDelegate.swift */; };
		5D62044F2C2A98DF00FD5F6F /* Assets.xcassets in Resources */ = {isa = PBXBuildFile; fileRef = 5D62044E2C2A98DF00FD5F6F /* Assets.xcassets */; };
		5D6204522C2A98DF00FD5F6F /* Base in Resources */ = {isa = PBXBuildFile; fileRef = 5D6204512C2A98DF00FD5F6F /* Base */; };
		5D62045E2C2A9B1800FD5F6F /* PasscodeView.swift in Sources */ = {isa = PBXBuildFile; fileRef = 5D62045D2C2A9B1800FD5F6F /* PasscodeView.swift */; };
		5D6204622C2A9B8800FD5F6F /* Builder.swift in Sources */ = {isa = PBXBuildFile; fileRef = 5D6204612C2A9B8800FD5F6F /* Builder.swift */; };
		5D6204652C2AD28E00FD5F6F /* PasscodePresenter.swift in Sources */ = {isa = PBXBuildFile; fileRef = 5D6204642C2AD28E00FD5F6F /* PasscodePresenter.swift */; };
		5D63AD052CBA974A00C58C7D /* DetailsMapCell.swift in Sources */ = {isa = PBXBuildFile; fileRef = 5D63AD042CBA974A00C58C7D /* DetailsMapCell.swift */; };
		5D63AD0A2CBA9E7F00C58C7D /* PhotoView.swift in Sources */ = {isa = PBXBuildFile; fileRef = 5D63AD092CBA9E7F00C58C7D /* PhotoView.swift */; };
		5D63AD0C2CBAA25700C58C7D /* PhotoViewPresenter.swift in Sources */ = {isa = PBXBuildFile; fileRef = 5D63AD0B2CBAA25700C58C7D /* PhotoViewPresenter.swift */; };
		5D63AD0E2CBAE08300C58C7D /* NSNotificationName.swift in Sources */ = {isa = PBXBuildFile; fileRef = 5D63AD0D2CBAE08300C58C7D /* NSNotificationName.swift */; };
		5D6497642C89FD480087B4BA /* DetailsPhotoCell.swift in Sources */ = {isa = PBXBuildFile; fileRef = 5D6497632C89FD480087B4BA /* DetailsPhotoCell.swift */; };
		5D6497662C8A01790087B4BA /* DetailsDescriptionCell.swift in Sources */ = {isa = PBXBuildFile; fileRef = 5D6497652C8A01790087B4BA /* DetailsDescriptionCell.swift */; };
		5D650AD42C5D18D0004282CD /* NavigationHeader.swift in Sources */ = {isa = PBXBuildFile; fileRef = 5D650AD32C5D18D0004282CD /* NavigationHeader.swift */; };
		5D658F7C2C2E99B20033A2C5 /* UIViewExt.swift in Sources */ = {isa = PBXBuildFile; fileRef = 5D658F7B2C2E99B20033A2C5 /* UIViewExt.swift */; };
		5D65DF612CB849CE00DC4CF7 /* DetailsAddCommentCell.swift in Sources */ = {isa = PBXBuildFile; fileRef = 5D65DF602CB849CE00DC4CF7 /* DetailsAddCommentCell.swift */; };
		5D65DF632CB84B6400DC4CF7 /* UITextFieldExt.swift in Sources */ = {isa = PBXBuildFile; fileRef = 5D65DF622CB84B6400DC4CF7 /* UITextFieldExt.swift */; };
		5D6617012CC2C1520044BCF5 /* CameraViewPresenter.swift in Sources */ = {isa = PBXBuildFile; fileRef = 5D6617002CC2C1520044BCF5 /* CameraViewPresenter.swift */; };
		5D6DF6992C3287640014BEC2 /* KeychainManager.swift in Sources */ = {isa = PBXBuildFile; fileRef = 5D6DF6982C3287640014BEC2 /* KeychainManager.swift */; };
		5D6DF69E2C32D5F60014BEC2 /* StringProtocolExt.swift in Sources */ = {isa = PBXBuildFile; fileRef = 5D6DF69D2C32D5F60014BEC2 /* StringProtocolExt.swift */; };
		5D75DB7E2C50C9A400C483EC /* TagCollectionView.swift in Sources */ = {isa = PBXBuildFile; fileRef = 5D75DB7D2C50C9A400C483EC /* TagCollectionView.swift */; };
		5D75DB802C50CF7900C483EC /* TagCollectionCell.swift in Sources */ = {isa = PBXBuildFile; fileRef = 5D75DB7F2C50CF7900C483EC /* TagCollectionCell.swift */; };
		5D9B94182CCE4EB7002F9DF7 /* CameraService.swift in Sources */ = {isa = PBXBuildFile; fileRef = 5D9B94172CCE4EB7002F9DF7 /* CameraService.swift */; };
/* End PBXBuildFile section */

/* Begin PBXFileReference section */
		5D08FD222C579022004806EE /* FavoriteViewPresenter.swift */ = {isa = PBXFileReference; lastKnownFileType = sourcecode.swift; path = FavoriteViewPresenter.swift; sourceTree = "<group>"; };
		5D08FD242C579E37004806EE /* FavoriteCell.swift */ = {isa = PBXFileReference; lastKnownFileType = sourcecode.swift; path = FavoriteCell.swift; sourceTree = "<group>"; };
		5D2ADD702C5CC5F700FFB20A /* DetailsView.swift */ = {isa = PBXFileReference; lastKnownFileType = sourcecode.swift; path = DetailsView.swift; sourceTree = "<group>"; };
		5D2ADD722C5CC62E00FFB20A /* DetailsViewPresenter.swift */ = {isa = PBXFileReference; lastKnownFileType = sourcecode.swift; path = DetailsViewPresenter.swift; sourceTree = "<group>"; };
		5D2DE67B2C4E3C7B00772FC9 /* DataExt.swift */ = {isa = PBXFileReference; lastKnownFileType = sourcecode.swift; path = DataExt.swift; sourceTree = "<group>"; };
		5D2DE67F2C4E3CF800772FC9 /* CameraView.swift */ = {isa = PBXFileReference; lastKnownFileType = sourcecode.swift; path = CameraView.swift; sourceTree = "<group>"; };
		5D2DE6832C4E3DF000772FC9 /* FavoriteView.swift */ = {isa = PBXFileReference; lastKnownFileType = sourcecode.swift; path = FavoriteView.swift; sourceTree = "<group>"; };
		5D2DE68A2C4E3E9200772FC9 /* PostItem.swift */ = {isa = PBXFileReference; lastKnownFileType = sourcecode.swift; path = PostItem.swift; sourceTree = "<group>"; };
		5D2DE68C2C4E3EA600772FC9 /* MainScreenPresenter.swift */ = {isa = PBXFileReference; lastKnownFileType = sourcecode.swift; path = MainScreenPresenter.swift; sourceTree = "<group>"; };
		5D2DE68E2C4E3EB600772FC9 /* MainScreenView.swift */ = {isa = PBXFileReference; lastKnownFileType = sourcecode.swift; path = MainScreenView.swift; sourceTree = "<group>"; };
		5D2DE6902C4E3EC300772FC9 /* MainPostCell.swift */ = {isa = PBXFileReference; lastKnownFileType = sourcecode.swift; path = MainPostCell.swift; sourceTree = "<group>"; };
		5D2DE6922C4E3ED500772FC9 /* MainPostHeader.swift */ = {isa = PBXFileReference; lastKnownFileType = sourcecode.swift; path = MainPostHeader.swift; sourceTree = "<group>"; };
		5D2DE6992C4E3F3700772FC9 /* TabBarView.swift */ = {isa = PBXFileReference; lastKnownFileType = sourcecode.swift; path = TabBarView.swift; sourceTree = "<group>"; };
		5D2DE69B2C4E3F4900772FC9 /* TabBarViewPresenter.swift */ = {isa = PBXFileReference; lastKnownFileType = sourcecode.swift; path = TabBarViewPresenter.swift; sourceTree = "<group>"; };
		5D2DE6A02C4E8DA600772FC9 /* UIAplicationExt.swift */ = {isa = PBXFileReference; lastKnownFileType = sourcecode.swift; path = UIAplicationExt.swift; sourceTree = "<group>"; };
		5D6204422C2A98DE00FD5F6F /* Flicker.app */ = {isa = PBXFileReference; explicitFileType = wrapper.application; includeInIndex = 0; path = Flicker.app; sourceTree = BUILT_PRODUCTS_DIR; };
		5D6204452C2A98DE00FD5F6F /* AppDelegate.swift */ = {isa = PBXFileReference; lastKnownFileType = sourcecode.swift; path = AppDelegate.swift; sourceTree = "<group>"; };
		5D6204472C2A98DE00FD5F6F /* SceneDelegate.swift */ = {isa = PBXFileReference; lastKnownFileType = sourcecode.swift; path = SceneDelegate.swift; sourceTree = "<group>"; };
		5D62044E2C2A98DF00FD5F6F /* Assets.xcassets */ = {isa = PBXFileReference; lastKnownFileType = folder.assetcatalog; path = Assets.xcassets; sourceTree = "<group>"; };
		5D6204512C2A98DF00FD5F6F /* Base */ = {isa = PBXFileReference; lastKnownFileType = file.storyboard; name = Base; path = Base.lproj/LaunchScreen.storyboard; sourceTree = "<group>"; };
		5D6204532C2A98DF00FD5F6F /* Info.plist */ = {isa = PBXFileReference; lastKnownFileType = text.plist.xml; path = Info.plist; sourceTree = "<group>"; };
		5D62045D2C2A9B1800FD5F6F /* PasscodeView.swift */ = {isa = PBXFileReference; lastKnownFileType = sourcecode.swift; path = PasscodeView.swift; sourceTree = "<group>"; };
		5D6204612C2A9B8800FD5F6F /* Builder.swift */ = {isa = PBXFileReference; lastKnownFileType = sourcecode.swift; path = Builder.swift; sourceTree = "<group>"; };
		5D6204642C2AD28E00FD5F6F /* PasscodePresenter.swift */ = {isa = PBXFileReference; lastKnownFileType = sourcecode.swift; path = PasscodePresenter.swift; sourceTree = "<group>"; };
		5D63AD042CBA974A00C58C7D /* DetailsMapCell.swift */ = {isa = PBXFileReference; lastKnownFileType = sourcecode.swift; path = DetailsMapCell.swift; sourceTree = "<group>"; };
		5D63AD092CBA9E7F00C58C7D /* PhotoView.swift */ = {isa = PBXFileReference; lastKnownFileType = sourcecode.swift; path = PhotoView.swift; sourceTree = "<group>"; };
		5D63AD0B2CBAA25700C58C7D /* PhotoViewPresenter.swift */ = {isa = PBXFileReference; lastKnownFileType = sourcecode.swift; path = PhotoViewPresenter.swift; sourceTree = "<group>"; };
		5D63AD0D2CBAE08300C58C7D /* NSNotificationName.swift */ = {isa = PBXFileReference; lastKnownFileType = sourcecode.swift; path = NSNotificationName.swift; sourceTree = "<group>"; };
		5D6497632C89FD480087B4BA /* DetailsPhotoCell.swift */ = {isa = PBXFileReference; lastKnownFileType = sourcecode.swift; path = DetailsPhotoCell.swift; sourceTree = "<group>"; };
		5D6497652C8A01790087B4BA /* DetailsDescriptionCell.swift */ = {isa = PBXFileReference; lastKnownFileType = sourcecode.swift; path = DetailsDescriptionCell.swift; sourceTree = "<group>"; };
		5D650AD32C5D18D0004282CD /* NavigationHeader.swift */ = {isa = PBXFileReference; lastKnownFileType = sourcecode.swift; path = NavigationHeader.swift; sourceTree = "<group>"; };
		5D658F7B2C2E99B20033A2C5 /* UIViewExt.swift */ = {isa = PBXFileReference; lastKnownFileType = sourcecode.swift; path = UIViewExt.swift; sourceTree = "<group>"; };
		5D65DF602CB849CE00DC4CF7 /* DetailsAddCommentCell.swift */ = {isa = PBXFileReference; lastKnownFileType = sourcecode.swift; path = DetailsAddCommentCell.swift; sourceTree = "<group>"; };
		5D65DF622CB84B6400DC4CF7 /* UITextFieldExt.swift */ = {isa = PBXFileReference; lastKnownFileType = sourcecode.swift; path = UITextFieldExt.swift; sourceTree = "<group>"; };
		5D6617002CC2C1520044BCF5 /* CameraViewPresenter.swift */ = {isa = PBXFileReference; lastKnownFileType = sourcecode.swift; path = CameraViewPresenter.swift; sourceTree = "<group>"; };
		5D6DF6982C3287640014BEC2 /* KeychainManager.swift */ = {isa = PBXFileReference; lastKnownFileType = sourcecode.swift; path = KeychainManager.swift; sourceTree = "<group>"; };
		5D6DF69D2C32D5F60014BEC2 /* StringProtocolExt.swift */ = {isa = PBXFileReference; lastKnownFileType = sourcecode.swift; path = StringProtocolExt.swift; sourceTree = "<group>"; };
		5D75DB7D2C50C9A400C483EC /* TagCollectionView.swift */ = {isa = PBXFileReference; lastKnownFileType = sourcecode.swift; path = TagCollectionView.swift; sourceTree = "<group>"; };
		5D75DB7F2C50CF7900C483EC /* TagCollectionCell.swift */ = {isa = PBXFileReference; lastKnownFileType = sourcecode.swift; path = TagCollectionCell.swift; sourceTree = "<group>"; };
		5D9B94172CCE4EB7002F9DF7 /* CameraService.swift */ = {isa = PBXFileReference; lastKnownFileType = sourcecode.swift; path = CameraService.swift; sourceTree = "<group>"; };
/* End PBXFileReference section */

/* Begin PBXFrameworksBuildPhase section */
		5D62043F2C2A98DE00FD5F6F /* Frameworks */ = {
			isa = PBXFrameworksBuildPhase;
			buildActionMask = 2147483647;
			files = (
				5D2DE69F2C4E419100772FC9 /* KeychainAccess in Frameworks */,
			);
			runOnlyForDeploymentPostprocessing = 0;
		};
/* End PBXFrameworksBuildPhase section */

/* Begin PBXGroup section */
		5D08FD212C579003004806EE /* Presenter */ = {
			isa = PBXGroup;
			children = (
				5D08FD222C579022004806EE /* FavoriteViewPresenter.swift */,
			);
			path = Presenter;
			sourceTree = "<group>";
		};
		5D2ADD6D2C5CC49C00FFB20A /* DetailsModule */ = {
			isa = PBXGroup;
			children = (
				5D2ADD6F2C5CC58400FFB20A /* Presenter */,
				5D2ADD6E2C5CC57F00FFB20A /* View */,
			);
			path = DetailsModule;
			sourceTree = "<group>";
		};
		5D2ADD6E2C5CC57F00FFB20A /* View */ = {
			isa = PBXGroup;
			children = (
				5D64975E2C89FCAF0087B4BA /* Cell */,
				5D2ADD702C5CC5F700FFB20A /* DetailsView.swift */,
			);
			path = View;
			sourceTree = "<group>";
		};
		5D2ADD6F2C5CC58400FFB20A /* Presenter */ = {
			isa = PBXGroup;
			children = (
				5D2ADD722C5CC62E00FFB20A /* DetailsViewPresenter.swift */,
			);
			path = Presenter;
			sourceTree = "<group>";
		};
		5D2DE67D2C4E3CCF00772FC9 /* CameraModule */ = {
			isa = PBXGroup;
			children = (
				5D9B94162CCE4E9A002F9DF7 /* CameraService */,
				5D6616FF2CC2C1260044BCF5 /* Presenter */,
				5D2DE67E2C4E3CE100772FC9 /* View */,
			);
			path = CameraModule;
			sourceTree = "<group>";
		};
		5D2DE67E2C4E3CE100772FC9 /* View */ = {
			isa = PBXGroup;
			children = (
				5D2DE67F2C4E3CF800772FC9 /* CameraView.swift */,
			);
			path = View;
			sourceTree = "<group>";
		};
		5D2DE6812C4E3DD600772FC9 /* FavoriteModule */ = {
			isa = PBXGroup;
			children = (
				5D08FD212C579003004806EE /* Presenter */,
				5D2DE6822C4E3DE000772FC9 /* View */,
			);
			path = FavoriteModule;
			sourceTree = "<group>";
		};
		5D2DE6822C4E3DE000772FC9 /* View */ = {
			isa = PBXGroup;
			children = (
				5D2DE6832C4E3DF000772FC9 /* FavoriteView.swift */,
				5D08FD242C579E37004806EE /* FavoriteCell.swift */,
			);
			path = View;
			sourceTree = "<group>";
		};
		5D2DE6862C4E3E5E00772FC9 /* MainScreenModule */ = {
			isa = PBXGroup;
			children = (
				5D2DE6892C4E3E7B00772FC9 /* Model */,
				5D2DE6882C4E3E6F00772FC9 /* Presenter */,
				5D2DE6872C4E3E6A00772FC9 /* View */,
			);
			path = MainScreenModule;
			sourceTree = "<group>";
		};
		5D2DE6872C4E3E6A00772FC9 /* View */ = {
			isa = PBXGroup;
			children = (
				5D2DE68E2C4E3EB600772FC9 /* MainScreenView.swift */,
				5D2DE6902C4E3EC300772FC9 /* MainPostCell.swift */,
				5D2DE6922C4E3ED500772FC9 /* MainPostHeader.swift */,
			);
			path = View;
			sourceTree = "<group>";
		};
		5D2DE6882C4E3E6F00772FC9 /* Presenter */ = {
			isa = PBXGroup;
			children = (
				5D2DE68C2C4E3EA600772FC9 /* MainScreenPresenter.swift */,
			);
			path = Presenter;
			sourceTree = "<group>";
		};
		5D2DE6892C4E3E7B00772FC9 /* Model */ = {
			isa = PBXGroup;
			children = (
				5D2DE68A2C4E3E9200772FC9 /* PostItem.swift */,
			);
			path = Model;
			sourceTree = "<group>";
		};
		5D2DE6942C4E3EDF00772FC9 /* TabBarModule */ = {
			isa = PBXGroup;
			children = (
				5D2DE6962C4E3EEF00772FC9 /* View */,
				5D2DE6952C4E3EE900772FC9 /* Presenter */,
			);
			path = TabBarModule;
			sourceTree = "<group>";
		};
		5D2DE6952C4E3EE900772FC9 /* Presenter */ = {
			isa = PBXGroup;
			children = (
				5D2DE69B2C4E3F4900772FC9 /* TabBarViewPresenter.swift */,
			);
			path = Presenter;
			sourceTree = "<group>";
		};
		5D2DE6962C4E3EEF00772FC9 /* View */ = {
			isa = PBXGroup;
			children = (
				5D2DE6992C4E3F3700772FC9 /* TabBarView.swift */,
			);
			path = View;
			sourceTree = "<group>";
		};
		5D6204392C2A98DE00FD5F6F = {
			isa = PBXGroup;
			children = (
				5D6204442C2A98DE00FD5F6F /* Flicker */,
				5D6204432C2A98DE00FD5F6F /* Products */,
			);
			sourceTree = "<group>";
		};
		5D6204432C2A98DE00FD5F6F /* Products */ = {
			isa = PBXGroup;
			children = (
				5D6204422C2A98DE00FD5F6F /* Flicker.app */,
			);
			name = Products;
			sourceTree = "<group>";
		};
		5D6204442C2A98DE00FD5F6F /* Flicker */ = {
			isa = PBXGroup;
			children = (
				5D75DB7B2C50C97800C483EC /* Helpers */,
				5D6DF6972C32873A0014BEC2 /* KeychainManager */,
				5D658F7A2C2E99960033A2C5 /* Extension */,
				5D6204602C2A9B4F00FD5F6F /* Builder */,
				5D6204632C2AD06C00FD5F6F /* Common */,
				5D6204592C2A992C00FD5F6F /* Module */,
				5D62044E2C2A98DF00FD5F6F /* Assets.xcassets */,
				5D6204502C2A98DF00FD5F6F /* LaunchScreen.storyboard */,
				5D6204532C2A98DF00FD5F6F /* Info.plist */,
			);
			path = Flicker;
			sourceTree = "<group>";
		};
		5D6204592C2A992C00FD5F6F /* Module */ = {
			isa = PBXGroup;
			children = (
				5D63AD062CBA9D8F00C58C7D /* PhotoViewModule */,
				5D2ADD6D2C5CC49C00FFB20A /* DetailsModule */,
				5D2DE67D2C4E3CCF00772FC9 /* CameraModule */,
				5D2DE6812C4E3DD600772FC9 /* FavoriteModule */,
				5D62045A2C2A9AD100FD5F6F /* PasscodeModule */,
				5D2DE6862C4E3E5E00772FC9 /* MainScreenModule */,
				5D2DE6942C4E3EDF00772FC9 /* TabBarModule */,
			);
			path = Module;
			sourceTree = "<group>";
		};
		5D62045A2C2A9AD100FD5F6F /* PasscodeModule */ = {
			isa = PBXGroup;
			children = (
				5D62045F2C2A9B2500FD5F6F /* Presenter */,
				5D62045C2C2A9AF800FD5F6F /* View */,
			);
			path = PasscodeModule;
			sourceTree = "<group>";
		};
		5D62045C2C2A9AF800FD5F6F /* View */ = {
			isa = PBXGroup;
			children = (
				5D62045D2C2A9B1800FD5F6F /* PasscodeView.swift */,
			);
			path = View;
			sourceTree = "<group>";
		};
		5D62045F2C2A9B2500FD5F6F /* Presenter */ = {
			isa = PBXGroup;
			children = (
				5D6204642C2AD28E00FD5F6F /* PasscodePresenter.swift */,
			);
			path = Presenter;
			sourceTree = "<group>";
		};
		5D6204602C2A9B4F00FD5F6F /* Builder */ = {
			isa = PBXGroup;
			children = (
				5D6204612C2A9B8800FD5F6F /* Builder.swift */,
			);
			path = Builder;
			sourceTree = "<group>";
		};
		5D6204632C2AD06C00FD5F6F /* Common */ = {
			isa = PBXGroup;
			children = (
				5D6204452C2A98DE00FD5F6F /* AppDelegate.swift */,
				5D6204472C2A98DE00FD5F6F /* SceneDelegate.swift */,
			);
			path = Common;
			sourceTree = "<group>";
		};
		5D63AD062CBA9D8F00C58C7D /* PhotoViewModule */ = {
			isa = PBXGroup;
			children = (
				5D63AD082CBA9DA700C58C7D /* Presenter */,
				5D63AD072CBA9DA200C58C7D /* View */,
			);
			path = PhotoViewModule;
			sourceTree = "<group>";
		};
		5D63AD072CBA9DA200C58C7D /* View */ = {
			isa = PBXGroup;
			children = (
				5D63AD092CBA9E7F00C58C7D /* PhotoView.swift */,
			);
			path = View;
			sourceTree = "<group>";
		};
		5D63AD082CBA9DA700C58C7D /* Presenter */ = {
			isa = PBXGroup;
			children = (
				5D63AD0B2CBAA25700C58C7D /* PhotoViewPresenter.swift */,
			);
			path = Presenter;
			sourceTree = "<group>";
		};
		5D64975E2C89FCAF0087B4BA /* Cell */ = {
			isa = PBXGroup;
			children = (
				5D6497632C89FD480087B4BA /* DetailsPhotoCell.swift */,
				5D6497652C8A01790087B4BA /* DetailsDescriptionCell.swift */,
				5D65DF602CB849CE00DC4CF7 /* DetailsAddCommentCell.swift */,
				5D63AD042CBA974A00C58C7D /* DetailsMapCell.swift */,
			);
			path = Cell;
			sourceTree = "<group>";
		};
		5D650AD22C5D18AD004282CD /* NavigationHeader */ = {
			isa = PBXGroup;
			children = (
				5D650AD32C5D18D0004282CD /* NavigationHeader.swift */,
			);
			path = NavigationHeader;
			sourceTree = "<group>";
		};
		5D658F7A2C2E99960033A2C5 /* Extension */ = {
			isa = PBXGroup;
			children = (
				5D658F7B2C2E99B20033A2C5 /* UIViewExt.swift */,
				5D6DF69D2C32D5F60014BEC2 /* StringProtocolExt.swift */,
				5D2DE67B2C4E3C7B00772FC9 /* DataExt.swift */,
				5D2DE6A02C4E8DA600772FC9 /* UIAplicationExt.swift */,
				5D65DF622CB84B6400DC4CF7 /* UITextFieldExt.swift */,
				5D63AD0D2CBAE08300C58C7D /* NSNotificationName.swift */,
			);
			path = Extension;
			sourceTree = "<group>";
		};
		5D6616FF2CC2C1260044BCF5 /* Presenter */ = {
			isa = PBXGroup;
			children = (
				5D6617002CC2C1520044BCF5 /* CameraViewPresenter.swift */,
			);
			path = Presenter;
			sourceTree = "<group>";
		};
		5D6DF6972C32873A0014BEC2 /* KeychainManager */ = {
			isa = PBXGroup;
			children = (
				5D6DF6982C3287640014BEC2 /* KeychainManager.swift */,
			);
			path = KeychainManager;
			sourceTree = "<group>";
		};
		5D75DB7B2C50C97800C483EC /* Helpers */ = {
			isa = PBXGroup;
			children = (
				5D650AD22C5D18AD004282CD /* NavigationHeader */,
				5D75DB7C2C50C98800C483EC /* TagCollection */,
			);
			path = Helpers;
			sourceTree = "<group>";
		};
		5D75DB7C2C50C98800C483EC /* TagCollection */ = {
			isa = PBXGroup;
			children = (
				5D75DB7D2C50C9A400C483EC /* TagCollectionView.swift */,
				5D75DB7F2C50CF7900C483EC /* TagCollectionCell.swift */,
			);
			path = TagCollection;
			sourceTree = "<group>";
		};
		5D9B94162CCE4E9A002F9DF7 /* CameraService */ = {
			isa = PBXGroup;
			children = (
				5D9B94172CCE4EB7002F9DF7 /* CameraService.swift */,
			);
			path = CameraService;
			sourceTree = "<group>";
		};
/* End PBXGroup section */

/* Begin PBXNativeTarget section */
		5D6204412C2A98DE00FD5F6F /* Flicker */ = {
			isa = PBXNativeTarget;
			buildConfigurationList = 5D6204562C2A98DF00FD5F6F /* Build configuration list for PBXNativeTarget "Flicker" */;
			buildPhases = (
				5D62043E2C2A98DE00FD5F6F /* Sources */,
				5D62043F2C2A98DE00FD5F6F /* Frameworks */,
				5D6204402C2A98DE00FD5F6F /* Resources */,
			);
			buildRules = (
			);
			dependencies = (
			);
			name = Flicker;
			packageProductDependencies = (
				5D2DE69E2C4E419100772FC9 /* KeychainAccess */,
			);
			productName = Flicker;
			productReference = 5D6204422C2A98DE00FD5F6F /* Flicker.app */;
			productType = "com.apple.product-type.application";
		};
/* End PBXNativeTarget section */

/* Begin PBXProject section */
		5D62043A2C2A98DE00FD5F6F /* Project object */ = {
			isa = PBXProject;
			attributes = {
				BuildIndependentTargetsInParallel = 1;
				LastSwiftUpdateCheck = 1540;
				LastUpgradeCheck = 1540;
				TargetAttributes = {
					5D6204412C2A98DE00FD5F6F = {
						CreatedOnToolsVersion = 15.4;
					};
				};
			};
			buildConfigurationList = 5D62043D2C2A98DE00FD5F6F /* Build configuration list for PBXProject "Flicker" */;
			compatibilityVersion = "Xcode 14.0";
			developmentRegion = en;
			hasScannedForEncodings = 0;
			knownRegions = (
				en,
				Base,
			);
			mainGroup = 5D6204392C2A98DE00FD5F6F;
			packageReferences = (
				5D2DE69D2C4E419100772FC9 /* XCRemoteSwiftPackageReference "KeychainAccess" */,
			);
			productRefGroup = 5D6204432C2A98DE00FD5F6F /* Products */;
			projectDirPath = "";
			projectRoot = "";
			targets = (
				5D6204412C2A98DE00FD5F6F /* Flicker */,
			);
		};
/* End PBXProject section */

/* Begin PBXResourcesBuildPhase section */
		5D6204402C2A98DE00FD5F6F /* Resources */ = {
			isa = PBXResourcesBuildPhase;
			buildActionMask = 2147483647;
			files = (
				5D62044F2C2A98DF00FD5F6F /* Assets.xcassets in Resources */,
				5D6204522C2A98DF00FD5F6F /* Base in Resources */,
			);
			runOnlyForDeploymentPostprocessing = 0;
		};
/* End PBXResourcesBuildPhase section */

/* Begin PBXSourcesBuildPhase section */
		5D62043E2C2A98DE00FD5F6F /* Sources */ = {
			isa = PBXSourcesBuildPhase;
			buildActionMask = 2147483647;
			files = (
				5D2DE69A2C4E3F3700772FC9 /* TabBarView.swift in Sources */,
				5D63AD052CBA974A00C58C7D /* DetailsMapCell.swift in Sources */,
				5D08FD232C579022004806EE /* FavoriteViewPresenter.swift in Sources */,
				5D6497642C89FD480087B4BA /* DetailsPhotoCell.swift in Sources */,
				5D65DF612CB849CE00DC4CF7 /* DetailsAddCommentCell.swift in Sources */,
				5D6204462C2A98DE00FD5F6F /* AppDelegate.swift in Sources */,
				5D63AD0C2CBAA25700C58C7D /* PhotoViewPresenter.swift in Sources */,
				5D62045E2C2A9B1800FD5F6F /* PasscodeView.swift in Sources */,
				5D9B94182CCE4EB7002F9DF7 /* CameraService.swift in Sources */,
				5D6DF6992C3287640014BEC2 /* KeychainManager.swift in Sources */,
				5D2ADD712C5CC5F700FFB20A /* DetailsView.swift in Sources */,
				5D2DE6932C4E3ED500772FC9 /* MainPostHeader.swift in Sources */,
				5D2DE6802C4E3CF800772FC9 /* CameraView.swift in Sources */,
				5D6204482C2A98DE00FD5F6F /* SceneDelegate.swift in Sources */,
				5D2DE6842C4E3DF000772FC9 /* FavoriteView.swift in Sources */,
				5D2DE68B2C4E3E9200772FC9 /* PostItem.swift in Sources */,
				5D2DE67C2C4E3C7B00772FC9 /* DataExt.swift in Sources */,
				5D63AD0A2CBA9E7F00C58C7D /* PhotoView.swift in Sources */,
				5D6497662C8A01790087B4BA /* DetailsDescriptionCell.swift in Sources */,
				5D63AD0E2CBAE08300C58C7D /* NSNotificationName.swift in Sources */,
				5D65DF632CB84B6400DC4CF7 /* UITextFieldExt.swift in Sources */,
				5D6DF69E2C32D5F60014BEC2 /* StringProtocolExt.swift in Sources */,
				5D75DB802C50CF7900C483EC /* TagCollectionCell.swift in Sources */,
				5D2DE68F2C4E3EB600772FC9 /* MainScreenView.swift in Sources */,
				5D6204622C2A9B8800FD5F6F /* Builder.swift in Sources */,
				5D6204652C2AD28E00FD5F6F /* PasscodePresenter.swift in Sources */,
				5D2DE68D2C4E3EA600772FC9 /* MainScreenPresenter.swift in Sources */,
				5D2DE6912C4E3EC300772FC9 /* MainPostCell.swift in Sources */,
				5D658F7C2C2E99B20033A2C5 /* UIViewExt.swift in Sources */,
				5D2ADD732C5CC62E00FFB20A /* DetailsViewPresenter.swift in Sources */,
				5D75DB7E2C50C9A400C483EC /* TagCollectionView.swift in Sources */,
				5D650AD42C5D18D0004282CD /* NavigationHeader.swift in Sources */,
				5D2DE69C2C4E3F4900772FC9 /* TabBarViewPresenter.swift in Sources */,
				5D08FD252C579E37004806EE /* FavoriteCell.swift in Sources */,
				5D2DE6A12C4E8DA600772FC9 /* UIAplicationExt.swift in Sources */,
				5D6617012CC2C1520044BCF5 /* CameraViewPresenter.swift in Sources */,
			);
			runOnlyForDeploymentPostprocessing = 0;
		};
/* End PBXSourcesBuildPhase section */

/* Begin PBXVariantGroup section */
		5D6204502C2A98DF00FD5F6F /* LaunchScreen.storyboard */ = {
			isa = PBXVariantGroup;
			children = (
				5D6204512C2A98DF00FD5F6F /* Base */,
			);
			name = LaunchScreen.storyboard;
			sourceTree = "<group>";
		};
/* End PBXVariantGroup section */

/* Begin XCBuildConfiguration section */
		5D6204542C2A98DF00FD5F6F /* Debug */ = {
			isa = XCBuildConfiguration;
			buildSettings = {
				ALWAYS_SEARCH_USER_PATHS = NO;
				ASSETCATALOG_COMPILER_GENERATE_SWIFT_ASSET_SYMBOL_EXTENSIONS = YES;
				CLANG_ANALYZER_NONNULL = YES;
				CLANG_ANALYZER_NUMBER_OBJECT_CONVERSION = YES_AGGRESSIVE;
				CLANG_CXX_LANGUAGE_STANDARD = "gnu++20";
				CLANG_ENABLE_MODULES = YES;
				CLANG_ENABLE_OBJC_ARC = YES;
				CLANG_ENABLE_OBJC_WEAK = YES;
				CLANG_WARN_BLOCK_CAPTURE_AUTORELEASING = YES;
				CLANG_WARN_BOOL_CONVERSION = YES;
				CLANG_WARN_COMMA = YES;
				CLANG_WARN_CONSTANT_CONVERSION = YES;
				CLANG_WARN_DEPRECATED_OBJC_IMPLEMENTATIONS = YES;
				CLANG_WARN_DIRECT_OBJC_ISA_USAGE = YES_ERROR;
				CLANG_WARN_DOCUMENTATION_COMMENTS = YES;
				CLANG_WARN_EMPTY_BODY = YES;
				CLANG_WARN_ENUM_CONVERSION = YES;
				CLANG_WARN_INFINITE_RECURSION = YES;
				CLANG_WARN_INT_CONVERSION = YES;
				CLANG_WARN_NON_LITERAL_NULL_CONVERSION = YES;
				CLANG_WARN_OBJC_IMPLICIT_RETAIN_SELF = YES;
				CLANG_WARN_OBJC_LITERAL_CONVERSION = YES;
				CLANG_WARN_OBJC_ROOT_CLASS = YES_ERROR;
				CLANG_WARN_QUOTED_INCLUDE_IN_FRAMEWORK_HEADER = YES;
				CLANG_WARN_RANGE_LOOP_ANALYSIS = YES;
				CLANG_WARN_STRICT_PROTOTYPES = YES;
				CLANG_WARN_SUSPICIOUS_MOVE = YES;
				CLANG_WARN_UNGUARDED_AVAILABILITY = YES_AGGRESSIVE;
				CLANG_WARN_UNREACHABLE_CODE = YES;
				CLANG_WARN__DUPLICATE_METHOD_MATCH = YES;
				COPY_PHASE_STRIP = NO;
				DEBUG_INFORMATION_FORMAT = dwarf;
				ENABLE_STRICT_OBJC_MSGSEND = YES;
				ENABLE_TESTABILITY = YES;
				ENABLE_USER_SCRIPT_SANDBOXING = YES;
				GCC_C_LANGUAGE_STANDARD = gnu17;
				GCC_DYNAMIC_NO_PIC = NO;
				GCC_NO_COMMON_BLOCKS = YES;
				GCC_OPTIMIZATION_LEVEL = 0;
				GCC_PREPROCESSOR_DEFINITIONS = (
					"DEBUG=1",
					"$(inherited)",
				);
				GCC_WARN_64_TO_32_BIT_CONVERSION = YES;
				GCC_WARN_ABOUT_RETURN_TYPE = YES_ERROR;
				GCC_WARN_UNDECLARED_SELECTOR = YES;
				GCC_WARN_UNINITIALIZED_AUTOS = YES_AGGRESSIVE;
				GCC_WARN_UNUSED_FUNCTION = YES;
				GCC_WARN_UNUSED_VARIABLE = YES;
				IPHONEOS_DEPLOYMENT_TARGET = 17.5;
				LOCALIZATION_PREFERS_STRING_CATALOGS = YES;
				MTL_ENABLE_DEBUG_INFO = INCLUDE_SOURCE;
				MTL_FAST_MATH = YES;
				ONLY_ACTIVE_ARCH = YES;
				SDKROOT = iphoneos;
				SWIFT_ACTIVE_COMPILATION_CONDITIONS = "DEBUG $(inherited)";
				SWIFT_OPTIMIZATION_LEVEL = "-Onone";
			};
			name = Debug;
		};
		5D6204552C2A98DF00FD5F6F /* Release */ = {
			isa = XCBuildConfiguration;
			buildSettings = {
				ALWAYS_SEARCH_USER_PATHS = NO;
				ASSETCATALOG_COMPILER_GENERATE_SWIFT_ASSET_SYMBOL_EXTENSIONS = YES;
				CLANG_ANALYZER_NONNULL = YES;
				CLANG_ANALYZER_NUMBER_OBJECT_CONVERSION = YES_AGGRESSIVE;
				CLANG_CXX_LANGUAGE_STANDARD = "gnu++20";
				CLANG_ENABLE_MODULES = YES;
				CLANG_ENABLE_OBJC_ARC = YES;
				CLANG_ENABLE_OBJC_WEAK = YES;
				CLANG_WARN_BLOCK_CAPTURE_AUTORELEASING = YES;
				CLANG_WARN_BOOL_CONVERSION = YES;
				CLANG_WARN_COMMA = YES;
				CLANG_WARN_CONSTANT_CONVERSION = YES;
				CLANG_WARN_DEPRECATED_OBJC_IMPLEMENTATIONS = YES;
				CLANG_WARN_DIRECT_OBJC_ISA_USAGE = YES_ERROR;
				CLANG_WARN_DOCUMENTATION_COMMENTS = YES;
				CLANG_WARN_EMPTY_BODY = YES;
				CLANG_WARN_ENUM_CONVERSION = YES;
				CLANG_WARN_INFINITE_RECURSION = YES;
				CLANG_WARN_INT_CONVERSION = YES;
				CLANG_WARN_NON_LITERAL_NULL_CONVERSION = YES;
				CLANG_WARN_OBJC_IMPLICIT_RETAIN_SELF = YES;
				CLANG_WARN_OBJC_LITERAL_CONVERSION = YES;
				CLANG_WARN_OBJC_ROOT_CLASS = YES_ERROR;
				CLANG_WARN_QUOTED_INCLUDE_IN_FRAMEWORK_HEADER = YES;
				CLANG_WARN_RANGE_LOOP_ANALYSIS = YES;
				CLANG_WARN_STRICT_PROTOTYPES = YES;
				CLANG_WARN_SUSPICIOUS_MOVE = YES;
				CLANG_WARN_UNGUARDED_AVAILABILITY = YES_AGGRESSIVE;
				CLANG_WARN_UNREACHABLE_CODE = YES;
				CLANG_WARN__DUPLICATE_METHOD_MATCH = YES;
				COPY_PHASE_STRIP = NO;
				DEBUG_INFORMATION_FORMAT = "dwarf-with-dsym";
				ENABLE_NS_ASSERTIONS = NO;
				ENABLE_STRICT_OBJC_MSGSEND = YES;
				ENABLE_USER_SCRIPT_SANDBOXING = YES;
				GCC_C_LANGUAGE_STANDARD = gnu17;
				GCC_NO_COMMON_BLOCKS = YES;
				GCC_WARN_64_TO_32_BIT_CONVERSION = YES;
				GCC_WARN_ABOUT_RETURN_TYPE = YES_ERROR;
				GCC_WARN_UNDECLARED_SELECTOR = YES;
				GCC_WARN_UNINITIALIZED_AUTOS = YES_AGGRESSIVE;
				GCC_WARN_UNUSED_FUNCTION = YES;
				GCC_WARN_UNUSED_VARIABLE = YES;
				IPHONEOS_DEPLOYMENT_TARGET = 17.5;
				LOCALIZATION_PREFERS_STRING_CATALOGS = YES;
				MTL_ENABLE_DEBUG_INFO = NO;
				MTL_FAST_MATH = YES;
				SDKROOT = iphoneos;
				SWIFT_COMPILATION_MODE = wholemodule;
				VALIDATE_PRODUCT = YES;
			};
			name = Release;
		};
		5D6204572C2A98DF00FD5F6F /* Debug */ = {
			isa = XCBuildConfiguration;
			buildSettings = {
				ASSETCATALOG_COMPILER_APPICON_NAME = AppIcon;
				ASSETCATALOG_COMPILER_GLOBAL_ACCENT_COLOR_NAME = AccentColor;
				CODE_SIGN_STYLE = Automatic;
				CURRENT_PROJECT_VERSION = 1;
				DEVELOPMENT_TEAM = 5Z87ZC4QAX;
				GENERATE_INFOPLIST_FILE = YES;
				INFOPLIST_FILE = Flicker/Info.plist;
				INFOPLIST_KEY_NSCameraUsageDescription = "Приложение может использовать вашу камеру";
				INFOPLIST_KEY_UIApplicationSupportsIndirectInputEvents = YES;
				INFOPLIST_KEY_UILaunchStoryboardName = LaunchScreen;
				INFOPLIST_KEY_UISupportedInterfaceOrientations_iPad = "UIInterfaceOrientationPortrait UIInterfaceOrientationPortraitUpsideDown UIInterfaceOrientationLandscapeLeft UIInterfaceOrientationLandscapeRight";
				INFOPLIST_KEY_UISupportedInterfaceOrientations_iPhone = "UIInterfaceOrientationPortrait UIInterfaceOrientationLandscapeLeft UIInterfaceOrientationLandscapeRight";
				IPHONEOS_DEPLOYMENT_TARGET = 17.0;
				LD_RUNPATH_SEARCH_PATHS = (
					"$(inherited)",
					"@executable_path/Frameworks",
				);
				MARKETING_VERSION = 1.0;
				PRODUCT_BUNDLE_IDENTIFIER = IlyaVostrov.Flicker;
				PRODUCT_NAME = "$(TARGET_NAME)";
				SWIFT_EMIT_LOC_STRINGS = YES;
				SWIFT_VERSION = 5.0;
				TARGETED_DEVICE_FAMILY = "1,2";
			};
			name = Debug;
		};
		5D6204582C2A98DF00FD5F6F /* Release */ = {
			isa = XCBuildConfiguration;
			buildSettings = {
				ASSETCATALOG_COMPILER_APPICON_NAME = AppIcon;
				ASSETCATALOG_COMPILER_GLOBAL_ACCENT_COLOR_NAME = AccentColor;
				CODE_SIGN_STYLE = Automatic;
				CURRENT_PROJECT_VERSION = 1;
				DEVELOPMENT_TEAM = 5Z87ZC4QAX;
				GENERATE_INFOPLIST_FILE = YES;
				INFOPLIST_FILE = Flicker/Info.plist;
				INFOPLIST_KEY_NSCameraUsageDescription = "Приложение может использовать вашу камеру";
				INFOPLIST_KEY_UIApplicationSupportsIndirectInputEvents = YES;
				INFOPLIST_KEY_UILaunchStoryboardName = LaunchScreen;
				INFOPLIST_KEY_UISupportedInterfaceOrientations_iPad = "UIInterfaceOrientationPortrait UIInterfaceOrientationPortraitUpsideDown UIInterfaceOrientationLandscapeLeft UIInterfaceOrientationLandscapeRight";
				INFOPLIST_KEY_UISupportedInterfaceOrientations_iPhone = "UIInterfaceOrientationPortrait UIInterfaceOrientationLandscapeLeft UIInterfaceOrientationLandscapeRight";
				IPHONEOS_DEPLOYMENT_TARGET = 17.0;
				LD_RUNPATH_SEARCH_PATHS = (
					"$(inherited)",
					"@executable_path/Frameworks",
				);
				MARKETING_VERSION = 1.0;
				PRODUCT_BUNDLE_IDENTIFIER = IlyaVostrov.Flicker;
				PRODUCT_NAME = "$(TARGET_NAME)";
				SWIFT_EMIT_LOC_STRINGS = YES;
				SWIFT_VERSION = 5.0;
				TARGETED_DEVICE_FAMILY = "1,2";
			};
			name = Release;
		};
/* End XCBuildConfiguration section */

/* Begin XCConfigurationList section */
		5D62043D2C2A98DE00FD5F6F /* Build configuration list for PBXProject "Flicker" */ = {
			isa = XCConfigurationList;
			buildConfigurations = (
				5D6204542C2A98DF00FD5F6F /* Debug */,
				5D6204552C2A98DF00FD5F6F /* Release */,
			);
			defaultConfigurationIsVisible = 0;
			defaultConfigurationName = Release;
		};
		5D6204562C2A98DF00FD5F6F /* Build configuration list for PBXNativeTarget "Flicker" */ = {
			isa = XCConfigurationList;
			buildConfigurations = (
				5D6204572C2A98DF00FD5F6F /* Debug */,
				5D6204582C2A98DF00FD5F6F /* Release */,
			);
			defaultConfigurationIsVisible = 0;
			defaultConfigurationName = Release;
		};
/* End XCConfigurationList section */

/* Begin XCRemoteSwiftPackageReference section */
		5D2DE69D2C4E419100772FC9 /* XCRemoteSwiftPackageReference "KeychainAccess" */ = {
			isa = XCRemoteSwiftPackageReference;
			repositoryURL = "https://github.com/kishikawakatsumi/KeychainAccess?ysclid=lywnzj56xd37590118";
			requirement = {
				branch = master;
				kind = branch;
			};
		};
/* End XCRemoteSwiftPackageReference section */

/* Begin XCSwiftPackageProductDependency section */
		5D2DE69E2C4E419100772FC9 /* KeychainAccess */ = {
			isa = XCSwiftPackageProductDependency;
			package = 5D2DE69D2C4E419100772FC9 /* XCRemoteSwiftPackageReference "KeychainAccess" */;
			productName = KeychainAccess;
		};
/* End XCSwiftPackageProductDependency section */
	};
	rootObject = 5D62043A2C2A98DE00FD5F6F /* Project object */;
}
