{
  "originHash" : "32683726799286ad76b0518eb98796232e9197f447fe0ad4344ab11c08b3c3ca",
  "pins" : [
    {
      "identity" : "keychainaccess?ysclid=lywnzj56xd37590118",
      "kind" : "remoteSourceControl",
      "location" : "https://github.com/kishikawakatsumi/KeychainAccess?ysclid=lywnzj56xd37590118",
      "state" : {
        "branch" : "master",
        "revision" : "e0c7eebc5a4465a3c4680764f26b7a61f567cdaf"
      }
    }
  ],
  "version" : 3
}
